
Microsoft Visual Studio Solution File, Format Version 12.00
# Visual Studio Version 17
VisualStudioVersion = 17.3.32922.545
MinimumVisualStudioVersion = 10.0.40219.1
Project("{9A19103F-16F7-4668-BE54-9A1E7A4F7556}") = "VisibilityChecker", "VisibilityChecker\VisibilityChecker.csproj", "{614C6916-877E-4B41-82A6-333A8BC63545}"
EndProject
Project("{9A19103F-16F7-4668-BE54-9A1E7A4F7556}") = "ConsoleVisibilityChecker", "ConsoleVisibilityChecker\ConsoleVisibilityChecker.csproj", "{835BF7F6-A7DD-450D-8835-07F089690D4F}"
	ProjectSection(ProjectDependencies) = postProject
		{614C6916-877E-4B41-82A6-333A8BC63545} = {614C6916-877E-4B41-82A6-333A8BC63545}
	EndProjectSection
EndProject
Global
	GlobalSection(SolutionConfigurationPlatforms) = preSolution
		Debug|Any CPU = Debug|Any CPU
		Release|Any CPU = Release|Any CPU
	EndGlobalSection
	GlobalSection(ProjectConfigurationPlatforms) = postSolution
		{614C6916-877E-4B41-82A6-333A8BC63545}.Debug|Any CPU.ActiveCfg = Debug|Any CPU
		{614C6916-877E-4B41-82A6-333A8BC63545}.Debug|Any CPU.Build.0 = Debug|Any CPU
		{614C6916-877E-4B41-82A6-333A8BC63545}.Release|Any CPU.ActiveCfg = Release|Any CPU
		{614C6916-877E-4B41-82A6-333A8BC63545}.Release|Any CPU.Build.0 = Release|Any CPU
		{835BF7F6-A7DD-450D-8835-07F089690D4F}.Debug|Any CPU.ActiveCfg = Debug|Any CPU
		{835BF7F6-A7DD-450D-8835-07F089690D4F}.Debug|Any CPU.Build.0 = Debug|Any CPU
		{835BF7F6-A7DD-450D-8835-07F089690D4F}.Release|Any CPU.ActiveCfg = Release|Any CPU
		{835BF7F6-A7DD-450D-8835-07F089690D4F}.Release|Any CPU.Build.0 = Release|Any CPU
	EndGlobalSection
	GlobalSection(SolutionProperties) = preSolution
		HideSolutionNode = FALSE
	EndGlobalSection
	GlobalSection(ExtensibilityGlobals) = postSolution
		SolutionGuid = {32A722FF-97AA-4EB0-9E71-8308ACB09B60}
	EndGlobalSection
EndGlobal
